
Microsoft Visual Studio Solution File, Format Version 12.00
# Visual Studio Version 16
VisualStudioVersion = 16.0.31624.102
MinimumVisualStudioVersion = 10.0.40219.1
Project("{9A19103F-16F7-4668-BE54-9A1E7A4F7556}") = "MUSMModelsLibrary", "MUSMModelsLibrary\MUSMModelsLibrary.csproj", "{CFC6B7EB-6D3E-49CF-B4EC-D942D6F3714B}"
EndProject
Project("{00D1A9C2-B5F0-4AF3-8072-F6C62B433612}") = "MUSMDataTools", "MUSMDataTools\MUSMDataTools.sqlproj", "{22735234-70B9-4581-B023-E201379AE6DB}"
EndProject
Project("{9A19103F-16F7-4668-BE54-9A1E7A4F7556}") = "MUSMDataLibrary", "MUSMDataLibrary\MUSMDataLibrary.csproj", "{75573D43-E4D1-42A0-B57F-5AD752B3C637}"
EndProject
Project("{9A19103F-16F7-4668-BE54-9A1E7A4F7556}") = "MUSMDatabaseServicesAPI", "MUSMDatabaseServicesAPI\MUSMDatabaseServicesAPI.csproj", "{54E590B1-BC31-42D4-BE22-93AF25EF441A}"
EndProject
Project("{9A19103F-16F7-4668-BE54-9A1E7A4F7556}") = "MUSMWebApp", "MUSMWebApp\MUSMWebApp.csproj", "{A612EC5B-5954-4FC6-BC37-8192EA294D0E}"
EndProject
Global
	GlobalSection(SolutionConfigurationPlatforms) = preSolution
		Debug|Any CPU = Debug|Any CPU
		Release|Any CPU = Release|Any CPU
	EndGlobalSection
	GlobalSection(ProjectConfigurationPlatforms) = postSolution
		{CFC6B7EB-6D3E-49CF-B4EC-D942D6F3714B}.Debug|Any CPU.ActiveCfg = Debug|Any CPU
		{CFC6B7EB-6D3E-49CF-B4EC-D942D6F3714B}.Debug|Any CPU.Build.0 = Debug|Any CPU
		{CFC6B7EB-6D3E-49CF-B4EC-D942D6F3714B}.Release|Any CPU.ActiveCfg = Release|Any CPU
		{CFC6B7EB-6D3E-49CF-B4EC-D942D6F3714B}.Release|Any CPU.Build.0 = Release|Any CPU
		{22735234-70B9-4581-B023-E201379AE6DB}.Debug|Any CPU.ActiveCfg = Debug|Any CPU
		{22735234-70B9-4581-B023-E201379AE6DB}.Debug|Any CPU.Build.0 = Debug|Any CPU
		{22735234-70B9-4581-B023-E201379AE6DB}.Debug|Any CPU.Deploy.0 = Debug|Any CPU
		{22735234-70B9-4581-B023-E201379AE6DB}.Release|Any CPU.ActiveCfg = Release|Any CPU
		{22735234-70B9-4581-B023-E201379AE6DB}.Release|Any CPU.Build.0 = Release|Any CPU
		{22735234-70B9-4581-B023-E201379AE6DB}.Release|Any CPU.Deploy.0 = Release|Any CPU
		{75573D43-E4D1-42A0-B57F-5AD752B3C637}.Debug|Any CPU.ActiveCfg = Debug|Any CPU
		{75573D43-E4D1-42A0-B57F-5AD752B3C637}.Debug|Any CPU.Build.0 = Debug|Any CPU
		{75573D43-E4D1-42A0-B57F-5AD752B3C637}.Release|Any CPU.ActiveCfg = Release|Any CPU
		{75573D43-E4D1-42A0-B57F-5AD752B3C637}.Release|Any CPU.Build.0 = Release|Any CPU
		{54E590B1-BC31-42D4-BE22-93AF25EF441A}.Debug|Any CPU.ActiveCfg = Debug|Any CPU
		{54E590B1-BC31-42D4-BE22-93AF25EF441A}.Debug|Any CPU.Build.0 = Debug|Any CPU
		{54E590B1-BC31-42D4-BE22-93AF25EF441A}.Release|Any CPU.ActiveCfg = Release|Any CPU
		{54E590B1-BC31-42D4-BE22-93AF25EF441A}.Release|Any CPU.Build.0 = Release|Any CPU
		{A612EC5B-5954-4FC6-BC37-8192EA294D0E}.Debug|Any CPU.ActiveCfg = Debug|Any CPU
		{A612EC5B-5954-4FC6-BC37-8192EA294D0E}.Debug|Any CPU.Build.0 = Debug|Any CPU
		{A612EC5B-5954-4FC6-BC37-8192EA294D0E}.Release|Any CPU.ActiveCfg = Release|Any CPU
		{A612EC5B-5954-4FC6-BC37-8192EA294D0E}.Release|Any CPU.Build.0 = Release|Any CPU
	EndGlobalSection
	GlobalSection(SolutionProperties) = preSolution
		HideSolutionNode = FALSE
	EndGlobalSection
	GlobalSection(ExtensibilityGlobals) = postSolution
		SolutionGuid = {7E130188-416D-4D43-AB1B-C080B083AFBE}
	EndGlobalSection
EndGlobal
